
Microsoft Visual Studio Solution File, Format Version 12.00
# Visual Studio Version 17
VisualStudioVersion = 17.7.34031.279
MinimumVisualStudioVersion = 10.0.40219.1
Project("{FAE04EC0-301F-11D3-BF4B-00C04F79EFBC}") = "SingleLinkedListProjectAllOperations", "SingleLinkedList\SingleLinkedListProjectAllOperations.csproj", "{CC83627F-6BF6-46E3-99A0-320E3CC7049A}"
EndProject
Global
	GlobalSection(SolutionConfigurationPlatforms) = preSolution
		Debug|Any CPU = Debug|Any CPU
		Release|Any CPU = Release|Any CPU
	EndGlobalSection
	GlobalSection(ProjectConfigurationPlatforms) = postSolution
		{CC83627F-6BF6-46E3-99A0-320E3CC7049A}.Debug|Any CPU.ActiveCfg = Debug|Any CPU
		{CC83627F-6BF6-46E3-99A0-320E3CC7049A}.Debug|Any CPU.Build.0 = Debug|Any CPU
		{CC83627F-6BF6-46E3-99A0-320E3CC7049A}.Release|Any CPU.ActiveCfg = Release|Any CPU
		{CC83627F-6BF6-46E3-99A0-320E3CC7049A}.Release|Any CPU.Build.0 = Release|Any CPU
	EndGlobalSection
	GlobalSection(SolutionProperties) = preSolution
		HideSolutionNode = FALSE
	EndGlobalSection
	GlobalSection(ExtensibilityGlobals) = postSolution
		SolutionGuid = {107EC85C-4949-4C0C-804E-9F2E5F24C182}
	EndGlobalSection
EndGlobal
